
Microsoft Visual Studio Solution File, Format Version 12.00
# Visual Studio Version 16
VisualStudioVersion = 16.0.30621.155
MinimumVisualStudioVersion = 10.0.40219.1
Project("{FAE04EC0-301F-11D3-BF4B-00C04F79EFBC}") = "AdventureWorks.API", "AdventureWorks.API\AdventureWorks.API.csproj", "{06F90FD1-DF03-4CF9-8F59-845F3C3FCFB0}"
EndProject
Project("{FAE04EC0-301F-11D3-BF4B-00C04F79EFBC}") = "AdventureWorks.DbModel", "AdventureWorks.DbModel\AdventureWorks.DbModel.csproj", "{1484890A-5B66-43F9-9CF7-73A156F6D971}"
EndProject
Project("{FAE04EC0-301F-11D3-BF4B-00C04F79EFBC}") = "AdventureWorks.API.Tests", "AdventureWorks.API.Tests\AdventureWorks.API.Tests.csproj", "{2CE53AE1-93A4-467F-A6E6-15D60D3B73F8}"
EndProject
Project("{FAE04EC0-301F-11D3-BF4B-00C04F79EFBC}") = "AdventureWorks.DocStorage", "AdventureWorks.DocStorage\AdventureWorks.DocStorage.csproj", "{DB83492C-DD38-48EE-B136-9B6665731AA5}"
EndProject
Global
	GlobalSection(SolutionConfigurationPlatforms) = preSolution
		Debug|Any CPU = Debug|Any CPU
		Release|Any CPU = Release|Any CPU
	EndGlobalSection
	GlobalSection(ProjectConfigurationPlatforms) = postSolution
		{06F90FD1-DF03-4CF9-8F59-845F3C3FCFB0}.Debug|Any CPU.ActiveCfg = Debug|Any CPU
		{06F90FD1-DF03-4CF9-8F59-845F3C3FCFB0}.Debug|Any CPU.Build.0 = Debug|Any CPU
		{06F90FD1-DF03-4CF9-8F59-845F3C3FCFB0}.Release|Any CPU.ActiveCfg = Release|Any CPU
		{06F90FD1-DF03-4CF9-8F59-845F3C3FCFB0}.Release|Any CPU.Build.0 = Release|Any CPU
		{1484890A-5B66-43F9-9CF7-73A156F6D971}.Debug|Any CPU.ActiveCfg = Debug|Any CPU
		{1484890A-5B66-43F9-9CF7-73A156F6D971}.Debug|Any CPU.Build.0 = Debug|Any CPU
		{1484890A-5B66-43F9-9CF7-73A156F6D971}.Release|Any CPU.ActiveCfg = Release|Any CPU
		{1484890A-5B66-43F9-9CF7-73A156F6D971}.Release|Any CPU.Build.0 = Release|Any CPU
		{2CE53AE1-93A4-467F-A6E6-15D60D3B73F8}.Debug|Any CPU.ActiveCfg = Debug|Any CPU
		{2CE53AE1-93A4-467F-A6E6-15D60D3B73F8}.Debug|Any CPU.Build.0 = Debug|Any CPU
		{2CE53AE1-93A4-467F-A6E6-15D60D3B73F8}.Release|Any CPU.ActiveCfg = Release|Any CPU
		{2CE53AE1-93A4-467F-A6E6-15D60D3B73F8}.Release|Any CPU.Build.0 = Release|Any CPU
		{DB83492C-DD38-48EE-B136-9B6665731AA5}.Debug|Any CPU.ActiveCfg = Debug|Any CPU
		{DB83492C-DD38-48EE-B136-9B6665731AA5}.Debug|Any CPU.Build.0 = Debug|Any CPU
		{DB83492C-DD38-48EE-B136-9B6665731AA5}.Release|Any CPU.ActiveCfg = Release|Any CPU
		{DB83492C-DD38-48EE-B136-9B6665731AA5}.Release|Any CPU.Build.0 = Release|Any CPU
	EndGlobalSection
	GlobalSection(SolutionProperties) = preSolution
		HideSolutionNode = FALSE
	EndGlobalSection
	GlobalSection(ExtensibilityGlobals) = postSolution
		SolutionGuid = {5749EAE5-1FFE-4BF8-AB57-F4FCC1647FF1}
	EndGlobalSection
	GlobalSection(MonoDevelopProperties) = preSolution
		Policies = $0
		$0.DotNetNamingPolicy = $1
		$1.DirectoryNamespaceAssociation = PrefixedHierarchical
	EndGlobalSection
EndGlobal
